# This file is automatically @generated by Cargo.
# It is not intended for manual editing.
version = 3

[[package]]
name = "ppmitzador"
version = "0.1.0"
source = "git+ssh://git@ilsrv.com:6722/Amat/ppmitzador.git#7e9e060df6330b993c8ec1db6996b265fc09a483"

[[package]]
name = "vonkoch_snowflake"
version = "0.1.0"
dependencies = [
 "ppmitzador",
]
