# This file is automatically @generated by Cargo.
# It is not intended for manual editing.
version = 3

[[package]]
name = "ppmitzador"
version = "0.1.0"
source = "git+ssh://git@ilsrv.com:6722/Amat/ppmitzador.git#0e62c59924fdddca2787534c86296ac168a6ec5c"

[[package]]
name = "vonkoch_snowflake"
version = "0.1.0"
dependencies = [
 "ppmitzador",
]
