# This file is automatically @generated by Cargo.
# It is not intended for manual editing.
version = 3

[[package]]
name = "ppmitzador"
version = "0.1.0"
source = "git+ssh://git@ilsrv.com:6722/Amat/ppmitzador.git#0e6d77d5fca4e1a08ca9b0777f1ec4cd1a25423f"

[[package]]
name = "vonkoch_snowflake"
version = "0.1.0"
dependencies = [
 "ppmitzador",
]
